// !$*UTF8*$!
{
	archiveVersion = 1;
	classes = {
	};
	objectVersion = 46;
	objects = {

/* Begin PBXBuildFile section */
		305D00481B4E647100F00B39 /* Default-568h@2x.png in Resources */ = {isa = PBXBuildFile; fileRef = 305D003C1B4E647100F00B39 /* Default-568h@2x.png */; };
		305D00491B4E647100F00B39 /* Default-667h@2x.png in Resources */ = {isa = PBXBuildFile; fileRef = 305D003D1B4E647100F00B39 /* Default-667h@2x.png */; };
		305D004A1B4E647100F00B39 /* Default-736h@3x.png in Resources */ = {isa = PBXBuildFile; fileRef = 305D003E1B4E647100F00B39 /* Default-736h@3x.png */; };
		305D004B1B4E647100F00B39 /* Default@2x.png in Resources */ = {isa = PBXBuildFile; fileRef = 305D003F1B4E647100F00B39 /* Default@2x.png */; };
		305D004C1B4E647100F00B39 /* Images.xcassets in Resources */ = {isa = PBXBuildFile; fileRef = 305D00401B4E647100F00B39 /* Images.xcassets */; };
		305D004E1B4E647100F00B39 /* AppDelegate.swift in Sources */ = {isa = PBXBuildFile; fileRef = 305D00451B4E647100F00B39 /* AppDelegate.swift */; };
		305D004F1B4E647100F00B39 /* NKBootController.swift in Sources */ = {isa = PBXBuildFile; fileRef = 305D00461B4E647100F00B39 /* NKBootController.swift */; };
		305D00501B4E647100F00B39 /* NKViewController.swift in Sources */ = {isa = PBXBuildFile; fileRef = 305D00471B4E647100F00B39 /* NKViewController.swift */; };
/* End PBXBuildFile section */

/* Begin PBXFileReference section */
		305D003C1B4E647100F00B39 /* Default-568h@2x.png */ = {isa = PBXFileReference; lastKnownFileType = image.png; path = "Default-568h@2x.png"; sourceTree = "<group>"; };
		305D003D1B4E647100F00B39 /* Default-667h@2x.png */ = {isa = PBXFileReference; lastKnownFileType = image.png; path = "Default-667h@2x.png"; sourceTree = "<group>"; };
		305D003E1B4E647100F00B39 /* Default-736h@3x.png */ = {isa = PBXFileReference; lastKnownFileType = image.png; path = "Default-736h@3x.png"; sourceTree = "<group>"; };
		305D003F1B4E647100F00B39 /* Default@2x.png */ = {isa = PBXFileReference; lastKnownFileType = image.png; path = "Default@2x.png"; sourceTree = "<group>"; };
		305D00401B4E647100F00B39 /* Images.xcassets */ = {isa = PBXFileReference; lastKnownFileType = folder.assetcatalog; name = Images.xcassets; path = ../Images.xcassets; sourceTree = "<group>"; };
		305D00451B4E647100F00B39 /* AppDelegate.swift */ = {isa = PBXFileReference; fileEncoding = 4; lastKnownFileType = sourcecode.swift; path = AppDelegate.swift; sourceTree = "<group>"; };
		305D00461B4E647100F00B39 /* NKBootController.swift */ = {isa = PBXFileReference; fileEncoding = 4; lastKnownFileType = sourcecode.swift; path = NKBootController.swift; sourceTree = "<group>"; };
		305D00471B4E647100F00B39 /* NKViewController.swift */ = {isa = PBXFileReference; fileEncoding = 4; lastKnownFileType = sourcecode.swift; path = NKViewController.swift; sourceTree = "<group>"; };
		305D00521B4E652500F00B39 /* Info.plist */ = {isa = PBXFileReference; fileEncoding = 4; lastKnownFileType = text.plist.xml; name = Info.plist; path = NKClosureTest/Info.plist; sourceTree = SOURCE_ROOT; };
		305D00561B4E778100F00B39 /* README.md */ = {isa = PBXFileReference; lastKnownFileType = net.daringfireball.markdown; path = README.md; sourceTree = SOURCE_ROOT; };
		305DFFFF1B4E5F0200F00B39 /* NKHandlerTest.app */ = {isa = PBXFileReference; explicitFileType = wrapper.application; includeInIndex = 0; path = NKHandlerTest.app; sourceTree = BUILT_PRODUCTS_DIR; };
/* End PBXFileReference section */

/* Begin PBXFrameworksBuildPhase section */
		305DFFFC1B4E5F0200F00B39 /* Frameworks */ = {
			isa = PBXFrameworksBuildPhase;
			buildActionMask = 2147483647;
			files = (
			);
			runOnlyForDeploymentPostprocessing = 0;
		};
/* End PBXFrameworksBuildPhase section */

/* Begin PBXGroup section */
		305D00001B4E5F0200F00B39 /* Products */ = {
			isa = PBXGroup;
			children = (
				305DFFFF1B4E5F0200F00B39 /* NKHandlerTest.app */,
			);
			name = Products;
			sourceTree = "<group>";
		};
		305D00381B4E647100F00B39 /* NKClosureTest */ = {
			isa = PBXGroup;
			children = (
				305D00431B4E647100F00B39 /* Swift */,
				305D00421B4E647100F00B39 /* Objc */,
				305D00391B4E647100F00B39 /* Image */,
				305D00511B4E648600F00B39 /* Supporting Files */,
			);
			path = NKClosureTest;
			sourceTree = "<group>";
		};
		305D00391B4E647100F00B39 /* Image */ = {
			isa = PBXGroup;
			children = (
				305D003A1B4E647100F00B39 /* System */,
			);
			path = Image;
			sourceTree = "<group>";
		};
		305D003A1B4E647100F00B39 /* System */ = {
			isa = PBXGroup;
			children = (
				305D003B1B4E647100F00B39 /* LaunchScreen */,
			);
			path = System;
			sourceTree = "<group>";
		};
		305D003B1B4E647100F00B39 /* LaunchScreen */ = {
			isa = PBXGroup;
			children = (
				305D003C1B4E647100F00B39 /* Default-568h@2x.png */,
				305D003D1B4E647100F00B39 /* Default-667h@2x.png */,
				305D003E1B4E647100F00B39 /* Default-736h@3x.png */,
				305D003F1B4E647100F00B39 /* Default@2x.png */,
			);
			path = LaunchScreen;
			sourceTree = "<group>";
		};
		305D00421B4E647100F00B39 /* Objc */ = {
			isa = PBXGroup;
			children = (
			);
			path = Objc;
			sourceTree = "<group>";
		};
		305D00431B4E647100F00B39 /* Swift */ = {
			isa = PBXGroup;
			children = (
				305D00441B4E647100F00B39 /* Boot */,
				305D00471B4E647100F00B39 /* NKViewController.swift */,
			);
			path = Swift;
			sourceTree = "<group>";
		};
		305D00441B4E647100F00B39 /* Boot */ = {
			isa = PBXGroup;
			children = (
				305D00451B4E647100F00B39 /* AppDelegate.swift */,
				305D00461B4E647100F00B39 /* NKBootController.swift */,
				305D00561B4E778100F00B39 /* README.md */,
			);
			path = Boot;
			sourceTree = "<group>";
		};
		305D00511B4E648600F00B39 /* Supporting Files */ = {
			isa = PBXGroup;
			children = (
				305D00401B4E647100F00B39 /* Images.xcassets */,
				305D00521B4E652500F00B39 /* Info.plist */,
			);
			name = "Supporting Files";
			path = Swift;
			sourceTree = "<group>";
		};
		305DFFF61B4E5F0200F00B39 = {
			isa = PBXGroup;
			children = (
				305D00381B4E647100F00B39 /* NKClosureTest */,
				305D00001B4E5F0200F00B39 /* Products */,
			);
			sourceTree = "<group>";
		};
/* End PBXGroup section */

/* Begin PBXNativeTarget section */
		305DFFFE1B4E5F0200F00B39 /* NKHandlerTest */ = {
			isa = PBXNativeTarget;
			buildConfigurationList = 305D001E1B4E5F0300F00B39 /* Build configuration list for PBXNativeTarget "NKHandlerTest" */;
			buildPhases = (
				305DFFFB1B4E5F0200F00B39 /* Sources */,
				305DFFFC1B4E5F0200F00B39 /* Frameworks */,
				305DFFFD1B4E5F0200F00B39 /* Resources */,
			);
			buildRules = (
			);
			dependencies = (
			);
			name = NKHandlerTest;
			productName = NKHandlerTest;
			productReference = 305DFFFF1B4E5F0200F00B39 /* NKHandlerTest.app */;
			productType = "com.apple.product-type.application";
		};
/* End PBXNativeTarget section */

/* Begin PBXProject section */
		305DFFF71B4E5F0200F00B39 /* Project object */ = {
			isa = PBXProject;
			attributes = {
				LastUpgradeCheck = 0640;
				ORGANIZATIONNAME = "nanoka____";
				TargetAttributes = {
					305DFFFE1B4E5F0200F00B39 = {
						CreatedOnToolsVersion = 6.4;
					};
				};
			};
			buildConfigurationList = 305DFFFA1B4E5F0200F00B39 /* Build configuration list for PBXProject "NKClosureTest" */;
			compatibilityVersion = "Xcode 3.2";
			developmentRegion = English;
			hasScannedForEncodings = 0;
			knownRegions = (
				en,
				Base,
			);
			mainGroup = 305DFFF61B4E5F0200F00B39;
			productRefGroup = 305D00001B4E5F0200F00B39 /* Products */;
			projectDirPath = "";
			projectRoot = "";
			targets = (
				305DFFFE1B4E5F0200F00B39 /* NKHandlerTest */,
			);
		};
/* End PBXProject section */

/* Begin PBXResourcesBuildPhase section */
		305DFFFD1B4E5F0200F00B39 /* Resources */ = {
			isa = PBXResourcesBuildPhase;
			buildActionMask = 2147483647;
			files = (
				305D004B1B4E647100F00B39 /* Default@2x.png in Resources */,
				305D004C1B4E647100F00B39 /* Images.xcassets in Resources */,
				305D00481B4E647100F00B39 /* Default-568h@2x.png in Resources */,
				305D00491B4E647100F00B39 /* Default-667h@2x.png in Resources */,
				305D004A1B4E647100F00B39 /* Default-736h@3x.png in Resources */,
			);
			runOnlyForDeploymentPostprocessing = 0;
		};
/* End PBXResourcesBuildPhase section */

/* Begin PBXSourcesBuildPhase section */
		305DFFFB1B4E5F0200F00B39 /* Sources */ = {
			isa = PBXSourcesBuildPhase;
			buildActionMask = 2147483647;
			files = (
				305D00501B4E647100F00B39 /* NKViewController.swift in Sources */,
				305D004F1B4E647100F00B39 /* NKBootController.swift in Sources */,
				305D004E1B4E647100F00B39 /* AppDelegate.swift in Sources */,
			);
			runOnlyForDeploymentPostprocessing = 0;
		};
/* End PBXSourcesBuildPhase section */

/* Begin XCBuildConfiguration section */
		305D001C1B4E5F0300F00B39 /* Debug */ = {
			isa = XCBuildConfiguration;
			buildSettings = {
				ALWAYS_SEARCH_USER_PATHS = NO;
				CLANG_CXX_LANGUAGE_STANDARD = "gnu++0x";
				CLANG_CXX_LIBRARY = "libc++";
				CLANG_ENABLE_MODULES = YES;
				CLANG_ENABLE_OBJC_ARC = YES;
				CLANG_WARN_BOOL_CONVERSION = YES;
				CLANG_WARN_CONSTANT_CONVERSION = YES;
				CLANG_WARN_DIRECT_OBJC_ISA_USAGE = YES_ERROR;
				CLANG_WARN_EMPTY_BODY = YES;
				CLANG_WARN_ENUM_CONVERSION = YES;
				CLANG_WARN_INT_CONVERSION = YES;
				CLANG_WARN_OBJC_ROOT_CLASS = YES_ERROR;
				CLANG_WARN_UNREACHABLE_CODE = YES;
				CLANG_WARN__DUPLICATE_METHOD_MATCH = YES;
				"CODE_SIGN_IDENTITY[sdk=iphoneos*]" = "iPhone Developer";
				COPY_PHASE_STRIP = NO;
				DEBUG_INFORMATION_FORMAT = "dwarf-with-dsym";
				ENABLE_STRICT_OBJC_MSGSEND = YES;
				GCC_C_LANGUAGE_STANDARD = gnu99;
				GCC_DYNAMIC_NO_PIC = NO;
				GCC_NO_COMMON_BLOCKS = YES;
				GCC_OPTIMIZATION_LEVEL = 0;
				GCC_PREPROCESSOR_DEFINITIONS = (
					"DEBUG=1",
					"$(inherited)",
				);
				GCC_SYMBOLS_PRIVATE_EXTERN = NO;
				GCC_WARN_64_TO_32_BIT_CONVERSION = YES;
				GCC_WARN_ABOUT_RETURN_TYPE = YES_ERROR;
				GCC_WARN_UNDECLARED_SELECTOR = YES;
				GCC_WARN_UNINITIALIZED_AUTOS = YES_AGGRESSIVE;
				GCC_WARN_UNUSED_FUNCTION = YES;
				GCC_WARN_UNUSED_VARIABLE = YES;
				IPHONEOS_DEPLOYMENT_TARGET = 8.4;
				MTL_ENABLE_DEBUG_INFO = YES;
				ONLY_ACTIVE_ARCH = YES;
				SDKROOT = iphoneos;
				SWIFT_OPTIMIZATION_LEVEL = "-Onone";
			};
			name = Debug;
		};
		305D001D1B4E5F0300F00B39 /* Release */ = {
			isa = XCBuildConfiguration;
			buildSettings = {
				ALWAYS_SEARCH_USER_PATHS = NO;
				CLANG_CXX_LANGUAGE_STANDARD = "gnu++0x";
				CLANG_CXX_LIBRARY = "libc++";
				CLANG_ENABLE_MODULES = YES;
				CLANG_ENABLE_OBJC_ARC = YES;
				CLANG_WARN_BOOL_CONVERSION = YES;
				CLANG_WARN_CONSTANT_CONVERSION = YES;
				CLANG_WARN_DIRECT_OBJC_ISA_USAGE = YES_ERROR;
				CLANG_WARN_EMPTY_BODY = YES;
				CLANG_WARN_ENUM_CONVERSION = YES;
				CLANG_WARN_INT_CONVERSION = YES;
				CLANG_WARN_OBJC_ROOT_CLASS = YES_ERROR;
				CLANG_WARN_UNREACHABLE_CODE = YES;
				CLANG_WARN__DUPLICATE_METHOD_MATCH = YES;
				"CODE_SIGN_IDENTITY[sdk=iphoneos*]" = "iPhone Developer";
				COPY_PHASE_STRIP = NO;
				DEBUG_INFORMATION_FORMAT = "dwarf-with-dsym";
				ENABLE_NS_ASSERTIONS = NO;
				ENABLE_STRICT_OBJC_MSGSEND = YES;
				GCC_C_LANGUAGE_STANDARD = gnu99;
				GCC_NO_COMMON_BLOCKS = YES;
				GCC_WARN_64_TO_32_BIT_CONVERSION = YES;
				GCC_WARN_ABOUT_RETURN_TYPE = YES_ERROR;
				GCC_WARN_UNDECLARED_SELECTOR = YES;
				GCC_WARN_UNINITIALIZED_AUTOS = YES_AGGRESSIVE;
				GCC_WARN_UNUSED_FUNCTION = YES;
				GCC_WARN_UNUSED_VARIABLE = YES;
				IPHONEOS_DEPLOYMENT_TARGET = 8.4;
				MTL_ENABLE_DEBUG_INFO = NO;
				SDKROOT = iphoneos;
				VALIDATE_PRODUCT = YES;
			};
			name = Release;
		};
		305D001F1B4E5F0300F00B39 /* Debug */ = {
			isa = XCBuildConfiguration;
			buildSettings = {
				ASSETCATALOG_COMPILER_APPICON_NAME = AppIcon;
				ASSETCATALOG_COMPILER_LAUNCHIMAGE_NAME = LaunchImage;
				INFOPLIST_FILE = "$(SRCROOT)/NKClosureTest/Info.plist";
				IPHONEOS_DEPLOYMENT_TARGET = 8.0;
				LD_RUNPATH_SEARCH_PATHS = "$(inherited) @executable_path/Frameworks";
				PRODUCT_NAME = "$(TARGET_NAME)";
			};
			name = Debug;
		};
		305D00201B4E5F0300F00B39 /* Release */ = {
			isa = XCBuildConfiguration;
			buildSettings = {
				ASSETCATALOG_COMPILER_APPICON_NAME = AppIcon;
				ASSETCATALOG_COMPILER_LAUNCHIMAGE_NAME = LaunchImage;
				INFOPLIST_FILE = "$(SRCROOT)/NKClosureTest/Info.plist";
				IPHONEOS_DEPLOYMENT_TARGET = 8.0;
				LD_RUNPATH_SEARCH_PATHS = "$(inherited) @executable_path/Frameworks";
				PRODUCT_NAME = "$(TARGET_NAME)";
			};
			name = Release;
		};
/* End XCBuildConfiguration section */

/* Begin XCConfigurationList section */
		305D001E1B4E5F0300F00B39 /* Build configuration list for PBXNativeTarget "NKHandlerTest" */ = {
			isa = XCConfigurationList;
			buildConfigurations = (
				305D001F1B4E5F0300F00B39 /* Debug */,
				305D00201B4E5F0300F00B39 /* Release */,
			);
			defaultConfigurationIsVisible = 0;
			defaultConfigurationName = Release;
		};
		305DFFFA1B4E5F0200F00B39 /* Build configuration list for PBXProject "NKClosureTest" */ = {
			isa = XCConfigurationList;
			buildConfigurations = (
				305D001C1B4E5F0300F00B39 /* Debug */,
				305D001D1B4E5F0300F00B39 /* Release */,
			);
			defaultConfigurationIsVisible = 0;
			defaultConfigurationName = Release;
		};
/* End XCConfigurationList section */
	};
	rootObject = 305DFFF71B4E5F0200F00B39 /* Project object */;
}
